
Microsoft Visual Studio Solution File, Format Version 12.00
# Visual Studio Version 17
VisualStudioVersion = 17.1.32210.238
MinimumVisualStudioVersion = 10.0.40219.1
Project("{8BC9CEB8-8B4A-11D0-8D11-00A0C91BC942}") = "osmium", "osmium.vcxproj", "{EC2408F2-0CDD-4934-9847-48032A4F48F8}"
EndProject
Project("{8BC9CEB8-8B4A-11D0-8D11-00A0C91BC942}") = "Sandbox", "..\Sandbox\Sandbox.vcxproj", "{2D78ED95-2AD1-42D0-879B-4F6D3797BB15}"
EndProject
Global
	GlobalSection(SolutionConfigurationPlatforms) = preSolution
		Debug|x64 = Debug|x64
		Debug|x86 = Debug|x86
		Release|x64 = Release|x64
		Release|x86 = Release|x86
	EndGlobalSection
	GlobalSection(ProjectConfigurationPlatforms) = postSolution
		{EC2408F2-0CDD-4934-9847-48032A4F48F8}.Debug|x64.ActiveCfg = Debug|x64
		{EC2408F2-0CDD-4934-9847-48032A4F48F8}.Debug|x64.Build.0 = Debug|x64
		{EC2408F2-0CDD-4934-9847-48032A4F48F8}.Debug|x86.ActiveCfg = Debug|Win32
		{EC2408F2-0CDD-4934-9847-48032A4F48F8}.Debug|x86.Build.0 = Debug|Win32
		{EC2408F2-0CDD-4934-9847-48032A4F48F8}.Release|x64.ActiveCfg = Release|x64
		{EC2408F2-0CDD-4934-9847-48032A4F48F8}.Release|x64.Build.0 = Release|x64
		{EC2408F2-0CDD-4934-9847-48032A4F48F8}.Release|x86.ActiveCfg = Release|Win32
		{EC2408F2-0CDD-4934-9847-48032A4F48F8}.Release|x86.Build.0 = Release|Win32
		{2D78ED95-2AD1-42D0-879B-4F6D3797BB15}.Debug|x64.ActiveCfg = Debug|x64
		{2D78ED95-2AD1-42D0-879B-4F6D3797BB15}.Debug|x64.Build.0 = Debug|x64
		{2D78ED95-2AD1-42D0-879B-4F6D3797BB15}.Debug|x86.ActiveCfg = Debug|Win32
		{2D78ED95-2AD1-42D0-879B-4F6D3797BB15}.Debug|x86.Build.0 = Debug|Win32
		{2D78ED95-2AD1-42D0-879B-4F6D3797BB15}.Release|x64.ActiveCfg = Release|x64
		{2D78ED95-2AD1-42D0-879B-4F6D3797BB15}.Release|x64.Build.0 = Release|x64
		{2D78ED95-2AD1-42D0-879B-4F6D3797BB15}.Release|x86.ActiveCfg = Release|Win32
		{2D78ED95-2AD1-42D0-879B-4F6D3797BB15}.Release|x86.Build.0 = Release|Win32
	EndGlobalSection
	GlobalSection(SolutionProperties) = preSolution
		HideSolutionNode = FALSE
	EndGlobalSection
	GlobalSection(ExtensibilityGlobals) = postSolution
		SolutionGuid = {2FBF72BD-26EC-4FC2-A5A1-46777858CFE3}
	EndGlobalSection
EndGlobal
